// !$*UTF8*$!
{
	archiveVersion = 1;
	classes = {
	};
	objectVersion = 77;
	objects = {

/* Begin PBXBuildFile section */
		C099F0572DB89617004E46B1 /* SwiftfulLoadingIndicators in Frameworks */ = {isa = PBXBuildFile; productRef = C099F0562DB89617004E46B1 /* SwiftfulLoadingIndicators */; };
		C0E0148F2DB9323500EBC6D9 /* FluidGradient in Frameworks */ = {isa = PBXBuildFile; productRef = C0E0148E2DB9323500EBC6D9 /* FluidGradient */; };
/* End PBXBuildFile section */

/* Begin PBXContainerItemProxy section */
		C058CB172D927C860081C730 /* PBXContainerItemProxy */ = {
			isa = PBXContainerItemProxy;
			containerPortal = C058CAFE2D927C840081C730 /* Project object */;
			proxyType = 1;
			remoteGlobalIDString = C058CB052D927C840081C730;
			remoteInfo = SmartMetro;
		};
		C058CB212D927C860081C730 /* PBXContainerItemProxy */ = {
			isa = PBXContainerItemProxy;
			containerPortal = C058CAFE2D927C840081C730 /* Project object */;
			proxyType = 1;
			remoteGlobalIDString = C058CB052D927C840081C730;
			remoteInfo = SmartMetro;
		};
/* End PBXContainerItemProxy section */

/* Begin PBXFileReference section */
		C058CB062D927C850081C730 /* SmartMetro.app */ = {isa = PBXFileReference; explicitFileType = wrapper.application; includeInIndex = 0; path = SmartMetro.app; sourceTree = BUILT_PRODUCTS_DIR; };
		C058CB162D927C860081C730 /* SmartMetroTests.xctest */ = {isa = PBXFileReference; explicitFileType = wrapper.cfbundle; includeInIndex = 0; path = SmartMetroTests.xctest; sourceTree = BUILT_PRODUCTS_DIR; };
		C058CB202D927C860081C730 /* SmartMetroUITests.xctest */ = {isa = PBXFileReference; explicitFileType = wrapper.cfbundle; includeInIndex = 0; path = SmartMetroUITests.xctest; sourceTree = BUILT_PRODUCTS_DIR; };
/* End PBXFileReference section */

/* Begin PBXFileSystemSynchronizedBuildFileExceptionSet section */
		C0422FB82D9A8569008A2B88 /* Exceptions for "SmartMetro" folder in "SmartMetroTests" target */ = {
			isa = PBXFileSystemSynchronizedBuildFileExceptionSet;
			membershipExceptions = (
				Models/AllStationResponse.swift,
				Models/MetroStation.swift,
				Models/StationResponse.swift,
			);
			target = C058CB152D927C860081C730 /* SmartMetroTests */;
		};
		C0422FB92D9A8569008A2B88 /* Exceptions for "SmartMetro" folder in "SmartMetroUITests" target */ = {
			isa = PBXFileSystemSynchronizedBuildFileExceptionSet;
			membershipExceptions = (
				Models/AllStationResponse.swift,
				Models/MetroStation.swift,
				Models/StationResponse.swift,
			);
			target = C058CB1F2D927C860081C730 /* SmartMetroUITests */;
		};
/* End PBXFileSystemSynchronizedBuildFileExceptionSet section */

/* Begin PBXFileSystemSynchronizedRootGroup section */
		C058CB082D927C850081C730 /* SmartMetro */ = {
			isa = PBXFileSystemSynchronizedRootGroup;
			exceptions = (
				C0422FB82D9A8569008A2B88 /* Exceptions for "SmartMetro" folder in "SmartMetroTests" target */,
				C0422FB92D9A8569008A2B88 /* Exceptions for "SmartMetro" folder in "SmartMetroUITests" target */,
			);
			path = SmartMetro;
			sourceTree = "<group>";
		};
		C058CB192D927C860081C730 /* SmartMetroTests */ = {
			isa = PBXFileSystemSynchronizedRootGroup;
			path = SmartMetroTests;
			sourceTree = "<group>";
		};
		C058CB232D927C860081C730 /* SmartMetroUITests */ = {
			isa = PBXFileSystemSynchronizedRootGroup;
			path = SmartMetroUITests;
			sourceTree = "<group>";
		};
/* End PBXFileSystemSynchronizedRootGroup section */

/* Begin PBXFrameworksBuildPhase section */
		C058CB032D927C840081C730 /* Frameworks */ = {
			isa = PBXFrameworksBuildPhase;
			buildActionMask = 2147483647;
			files = (
				C099F0572DB89617004E46B1 /* SwiftfulLoadingIndicators in Frameworks */,
				C0E0148F2DB9323500EBC6D9 /* FluidGradient in Frameworks */,
			);
			runOnlyForDeploymentPostprocessing = 0;
		};
		C058CB132D927C860081C730 /* Frameworks */ = {
			isa = PBXFrameworksBuildPhase;
			buildActionMask = 2147483647;
			files = (
			);
			runOnlyForDeploymentPostprocessing = 0;
		};
		C058CB1D2D927C860081C730 /* Frameworks */ = {
			isa = PBXFrameworksBuildPhase;
			buildActionMask = 2147483647;
			files = (
			);
			runOnlyForDeploymentPostprocessing = 0;
		};
/* End PBXFrameworksBuildPhase section */

/* Begin PBXGroup section */
		C058CAFD2D927C840081C730 = {
			isa = PBXGroup;
			children = (
				C058CB082D927C850081C730 /* SmartMetro */,
				C058CB192D927C860081C730 /* SmartMetroTests */,
				C058CB232D927C860081C730 /* SmartMetroUITests */,
				C058CB072D927C850081C730 /* Products */,
			);
			sourceTree = "<group>";
		};
		C058CB072D927C850081C730 /* Products */ = {
			isa = PBXGroup;
			children = (
				C058CB062D927C850081C730 /* SmartMetro.app */,
				C058CB162D927C860081C730 /* SmartMetroTests.xctest */,
				C058CB202D927C860081C730 /* SmartMetroUITests.xctest */,
			);
			name = Products;
			sourceTree = "<group>";
		};
/* End PBXGroup section */

/* Begin PBXNativeTarget section */
		C058CB052D927C840081C730 /* SmartMetro */ = {
			isa = PBXNativeTarget;
			buildConfigurationList = C058CB2A2D927C860081C730 /* Build configuration list for PBXNativeTarget "SmartMetro" */;
			buildPhases = (
				C058CB022D927C840081C730 /* Sources */,
				C058CB032D927C840081C730 /* Frameworks */,
				C058CB042D927C840081C730 /* Resources */,
			);
			buildRules = (
			);
			dependencies = (
			);
			fileSystemSynchronizedGroups = (
				C058CB082D927C850081C730 /* SmartMetro */,
			);
			name = SmartMetro;
			packageProductDependencies = (
				C099F0562DB89617004E46B1 /* SwiftfulLoadingIndicators */,
				C0E0148E2DB9323500EBC6D9 /* FluidGradient */,
			);
			productName = SmartMetro;
			productReference = C058CB062D927C850081C730 /* SmartMetro.app */;
			productType = "com.apple.product-type.application";
		};
		C058CB152D927C860081C730 /* SmartMetroTests */ = {
			isa = PBXNativeTarget;
			buildConfigurationList = C058CB2D2D927C860081C730 /* Build configuration list for PBXNativeTarget "SmartMetroTests" */;
			buildPhases = (
				C058CB122D927C860081C730 /* Sources */,
				C058CB132D927C860081C730 /* Frameworks */,
				C058CB142D927C860081C730 /* Resources */,
			);
			buildRules = (
			);
			dependencies = (
				C058CB182D927C860081C730 /* PBXTargetDependency */,
			);
			fileSystemSynchronizedGroups = (
				C058CB192D927C860081C730 /* SmartMetroTests */,
			);
			name = SmartMetroTests;
			packageProductDependencies = (
			);
			productName = SmartMetroTests;
			productReference = C058CB162D927C860081C730 /* SmartMetroTests.xctest */;
			productType = "com.apple.product-type.bundle.unit-test";
		};
		C058CB1F2D927C860081C730 /* SmartMetroUITests */ = {
			isa = PBXNativeTarget;
			buildConfigurationList = C058CB302D927C860081C730 /* Build configuration list for PBXNativeTarget "SmartMetroUITests" */;
			buildPhases = (
				C058CB1C2D927C860081C730 /* Sources */,
				C058CB1D2D927C860081C730 /* Frameworks */,
				C058CB1E2D927C860081C730 /* Resources */,
			);
			buildRules = (
			);
			dependencies = (
				C058CB222D927C860081C730 /* PBXTargetDependency */,
			);
			fileSystemSynchronizedGroups = (
				C058CB232D927C860081C730 /* SmartMetroUITests */,
			);
			name = SmartMetroUITests;
			packageProductDependencies = (
			);
			productName = SmartMetroUITests;
			productReference = C058CB202D927C860081C730 /* SmartMetroUITests.xctest */;
			productType = "com.apple.product-type.bundle.ui-testing";
		};
/* End PBXNativeTarget section */

/* Begin PBXProject section */
		C058CAFE2D927C840081C730 /* Project object */ = {
			isa = PBXProject;
			attributes = {
				BuildIndependentTargetsInParallel = 1;
				LastSwiftUpdateCheck = 1620;
				LastUpgradeCheck = 1630;
				TargetAttributes = {
					C058CB052D927C840081C730 = {
						CreatedOnToolsVersion = 16.2;
					};
					C058CB152D927C860081C730 = {
						CreatedOnToolsVersion = 16.2;
						TestTargetID = C058CB052D927C840081C730;
					};
					C058CB1F2D927C860081C730 = {
						CreatedOnToolsVersion = 16.2;
						TestTargetID = C058CB052D927C840081C730;
					};
				};
			};
			buildConfigurationList = C058CB012D927C840081C730 /* Build configuration list for PBXProject "SmartMetro" */;
			developmentRegion = en;
			hasScannedForEncodings = 0;
			knownRegions = (
				en,
				Base,
			);
			mainGroup = C058CAFD2D927C840081C730;
			minimizedProjectReferenceProxies = 1;
			packageReferences = (
				C099F0552DB89617004E46B1 /* XCRemoteSwiftPackageReference "SwiftfulLoadingIndicators" */,
				C0E0148D2DB9323500EBC6D9 /* XCLocalSwiftPackageReference "SmartMetro/FluidGradient-main" */,
			);
			preferredProjectObjectVersion = 77;
			productRefGroup = C058CB072D927C850081C730 /* Products */;
			projectDirPath = "";
			projectRoot = "";
			targets = (
				C058CB052D927C840081C730 /* SmartMetro */,
				C058CB152D927C860081C730 /* SmartMetroTests */,
				C058CB1F2D927C860081C730 /* SmartMetroUITests */,
			);
		};
/* End PBXProject section */

/* Begin PBXResourcesBuildPhase section */
		C058CB042D927C840081C730 /* Resources */ = {
			isa = PBXResourcesBuildPhase;
			buildActionMask = 2147483647;
			files = (
			);
			runOnlyForDeploymentPostprocessing = 0;
		};
		C058CB142D927C860081C730 /* Resources */ = {
			isa = PBXResourcesBuildPhase;
			buildActionMask = 2147483647;
			files = (
			);
			runOnlyForDeploymentPostprocessing = 0;
		};
		C058CB1E2D927C860081C730 /* Resources */ = {
			isa = PBXResourcesBuildPhase;
			buildActionMask = 2147483647;
			files = (
			);
			runOnlyForDeploymentPostprocessing = 0;
		};
/* End PBXResourcesBuildPhase section */

/* Begin PBXSourcesBuildPhase section */
		C058CB022D927C840081C730 /* Sources */ = {
			isa = PBXSourcesBuildPhase;
			buildActionMask = 2147483647;
			files = (
			);
			runOnlyForDeploymentPostprocessing = 0;
		};
		C058CB122D927C860081C730 /* Sources */ = {
			isa = PBXSourcesBuildPhase;
			buildActionMask = 2147483647;
			files = (
			);
			runOnlyForDeploymentPostprocessing = 0;
		};
		C058CB1C2D927C860081C730 /* Sources */ = {
			isa = PBXSourcesBuildPhase;
			buildActionMask = 2147483647;
			files = (
			);
			runOnlyForDeploymentPostprocessing = 0;
		};
/* End PBXSourcesBuildPhase section */

/* Begin PBXTargetDependency section */
		C058CB182D927C860081C730 /* PBXTargetDependency */ = {
			isa = PBXTargetDependency;
			target = C058CB052D927C840081C730 /* SmartMetro */;
			targetProxy = C058CB172D927C860081C730 /* PBXContainerItemProxy */;
		};
		C058CB222D927C860081C730 /* PBXTargetDependency */ = {
			isa = PBXTargetDependency;
			target = C058CB052D927C840081C730 /* SmartMetro */;
			targetProxy = C058CB212D927C860081C730 /* PBXContainerItemProxy */;
		};
/* End PBXTargetDependency section */

/* Begin XCBuildConfiguration section */
		C058CB282D927C860081C730 /* Debug */ = {
			isa = XCBuildConfiguration;
			buildSettings = {
				ALWAYS_SEARCH_USER_PATHS = NO;
				ASSETCATALOG_COMPILER_GENERATE_SWIFT_ASSET_SYMBOL_EXTENSIONS = YES;
				CLANG_ANALYZER_NONNULL = YES;
				CLANG_ANALYZER_NUMBER_OBJECT_CONVERSION = YES_AGGRESSIVE;
				CLANG_CXX_LANGUAGE_STANDARD = "gnu++20";
				CLANG_ENABLE_MODULES = YES;
				CLANG_ENABLE_OBJC_ARC = YES;
				CLANG_ENABLE_OBJC_WEAK = YES;
				CLANG_WARN_BLOCK_CAPTURE_AUTORELEASING = YES;
				CLANG_WARN_BOOL_CONVERSION = YES;
				CLANG_WARN_COMMA = YES;
				CLANG_WARN_CONSTANT_CONVERSION = YES;
				CLANG_WARN_DEPRECATED_OBJC_IMPLEMENTATIONS = YES;
				CLANG_WARN_DIRECT_OBJC_ISA_USAGE = YES_ERROR;
				CLANG_WARN_DOCUMENTATION_COMMENTS = YES;
				CLANG_WARN_EMPTY_BODY = YES;
				CLANG_WARN_ENUM_CONVERSION = YES;
				CLANG_WARN_INFINITE_RECURSION = YES;
				CLANG_WARN_INT_CONVERSION = YES;
				CLANG_WARN_NON_LITERAL_NULL_CONVERSION = YES;
				CLANG_WARN_OBJC_IMPLICIT_RETAIN_SELF = YES;
				CLANG_WARN_OBJC_LITERAL_CONVERSION = YES;
				CLANG_WARN_OBJC_ROOT_CLASS = YES_ERROR;
				CLANG_WARN_QUOTED_INCLUDE_IN_FRAMEWORK_HEADER = YES;
				CLANG_WARN_RANGE_LOOP_ANALYSIS = YES;
				CLANG_WARN_STRICT_PROTOTYPES = YES;
				CLANG_WARN_SUSPICIOUS_MOVE = YES;
				CLANG_WARN_UNGUARDED_AVAILABILITY = YES_AGGRESSIVE;
				CLANG_WARN_UNREACHABLE_CODE = YES;
				CLANG_WARN__DUPLICATE_METHOD_MATCH = YES;
				COPY_PHASE_STRIP = NO;
				DEBUG_INFORMATION_FORMAT = dwarf;
				DEVELOPMENT_TEAM = 9FGHY2U8WT;
				ENABLE_STRICT_OBJC_MSGSEND = YES;
				ENABLE_TESTABILITY = YES;
				ENABLE_USER_SCRIPT_SANDBOXING = YES;
				GCC_C_LANGUAGE_STANDARD = gnu17;
				GCC_DYNAMIC_NO_PIC = NO;
				GCC_NO_COMMON_BLOCKS = YES;
				GCC_OPTIMIZATION_LEVEL = 0;
				GCC_PREPROCESSOR_DEFINITIONS = (
					"DEBUG=1",
					"$(inherited)",
				);
				GCC_WARN_64_TO_32_BIT_CONVERSION = YES;
				GCC_WARN_ABOUT_RETURN_TYPE = YES_ERROR;
				GCC_WARN_UNDECLARED_SELECTOR = YES;
				GCC_WARN_UNINITIALIZED_AUTOS = YES_AGGRESSIVE;
				GCC_WARN_UNUSED_FUNCTION = YES;
				GCC_WARN_UNUSED_VARIABLE = YES;
				IPHONEOS_DEPLOYMENT_TARGET = 18.2;
				LOCALIZATION_PREFERS_STRING_CATALOGS = YES;
				MTL_ENABLE_DEBUG_INFO = INCLUDE_SOURCE;
				MTL_FAST_MATH = YES;
				ONLY_ACTIVE_ARCH = YES;
				SDKROOT = iphoneos;
				SWIFT_ACTIVE_COMPILATION_CONDITIONS = "DEBUG $(inherited)";
				SWIFT_OPTIMIZATION_LEVEL = "-Onone";
			};
			name = Debug;
		};
		C058CB292D927C860081C730 /* Release */ = {
			isa = XCBuildConfiguration;
			buildSettings = {
				ALWAYS_SEARCH_USER_PATHS = NO;
				ASSETCATALOG_COMPILER_GENERATE_SWIFT_ASSET_SYMBOL_EXTENSIONS = YES;
				CLANG_ANALYZER_NONNULL = YES;
				CLANG_ANALYZER_NUMBER_OBJECT_CONVERSION = YES_AGGRESSIVE;
				CLANG_CXX_LANGUAGE_STANDARD = "gnu++20";
				CLANG_ENABLE_MODULES = YES;
				CLANG_ENABLE_OBJC_ARC = YES;
				CLANG_ENABLE_OBJC_WEAK = YES;
				CLANG_WARN_BLOCK_CAPTURE_AUTORELEASING = YES;
				CLANG_WARN_BOOL_CONVERSION = YES;
				CLANG_WARN_COMMA = YES;
				CLANG_WARN_CONSTANT_CONVERSION = YES;
				CLANG_WARN_DEPRECATED_OBJC_IMPLEMENTATIONS = YES;
				CLANG_WARN_DIRECT_OBJC_ISA_USAGE = YES_ERROR;
				CLANG_WARN_DOCUMENTATION_COMMENTS = YES;
				CLANG_WARN_EMPTY_BODY = YES;
				CLANG_WARN_ENUM_CONVERSION = YES;
				CLANG_WARN_INFINITE_RECURSION = YES;
				CLANG_WARN_INT_CONVERSION = YES;
				CLANG_WARN_NON_LITERAL_NULL_CONVERSION = YES;
				CLANG_WARN_OBJC_IMPLICIT_RETAIN_SELF = YES;
				CLANG_WARN_OBJC_LITERAL_CONVERSION = YES;
				CLANG_WARN_OBJC_ROOT_CLASS = YES_ERROR;
				CLANG_WARN_QUOTED_INCLUDE_IN_FRAMEWORK_HEADER = YES;
				CLANG_WARN_RANGE_LOOP_ANALYSIS = YES;
				CLANG_WARN_STRICT_PROTOTYPES = YES;
				CLANG_WARN_SUSPICIOUS_MOVE = YES;
				CLANG_WARN_UNGUARDED_AVAILABILITY = YES_AGGRESSIVE;
				CLANG_WARN_UNREACHABLE_CODE = YES;
				CLANG_WARN__DUPLICATE_METHOD_MATCH = YES;
				COPY_PHASE_STRIP = NO;
				DEBUG_INFORMATION_FORMAT = "dwarf-with-dsym";
				DEVELOPMENT_TEAM = 9FGHY2U8WT;
				ENABLE_NS_ASSERTIONS = NO;
				ENABLE_STRICT_OBJC_MSGSEND = YES;
				ENABLE_USER_SCRIPT_SANDBOXING = YES;
				GCC_C_LANGUAGE_STANDARD = gnu17;
				GCC_NO_COMMON_BLOCKS = YES;
				GCC_WARN_64_TO_32_BIT_CONVERSION = YES;
				GCC_WARN_ABOUT_RETURN_TYPE = YES_ERROR;
				GCC_WARN_UNDECLARED_SELECTOR = YES;
				GCC_WARN_UNINITIALIZED_AUTOS = YES_AGGRESSIVE;
				GCC_WARN_UNUSED_FUNCTION = YES;
				GCC_WARN_UNUSED_VARIABLE = YES;
				IPHONEOS_DEPLOYMENT_TARGET = 18.2;
				LOCALIZATION_PREFERS_STRING_CATALOGS = YES;
				MTL_ENABLE_DEBUG_INFO = NO;
				MTL_FAST_MATH = YES;
				SDKROOT = iphoneos;
				SWIFT_COMPILATION_MODE = wholemodule;
				VALIDATE_PRODUCT = YES;
			};
			name = Release;
		};
		C058CB2B2D927C860081C730 /* Debug */ = {
			isa = XCBuildConfiguration;
			buildSettings = {
				ASSETCATALOG_COMPILER_APPICON_NAME = AppIcon;
				ASSETCATALOG_COMPILER_GLOBAL_ACCENT_COLOR_NAME = AccentColor;
				CODE_SIGN_STYLE = Automatic;
				CURRENT_PROJECT_VERSION = 1;
				DEVELOPMENT_ASSET_PATHS = "\"SmartMetro/Preview Content\"";
				ENABLE_PREVIEWS = YES;
				GENERATE_INFOPLIST_FILE = YES;
				INFOPLIST_KEY_NSLocationAlwaysUsageDescription = "Location services are required to find the nearest stations";
				INFOPLIST_KEY_NSLocationWhenInUseUsageDescription = "Location services are required to find the nearest stations";
				INFOPLIST_KEY_UIApplicationSceneManifest_Generation = YES;
				INFOPLIST_KEY_UIApplicationSupportsIndirectInputEvents = YES;
				INFOPLIST_KEY_UILaunchScreen_Generation = YES;
				INFOPLIST_KEY_UISupportedInterfaceOrientations_iPad = "UIInterfaceOrientationPortrait UIInterfaceOrientationPortraitUpsideDown UIInterfaceOrientationLandscapeLeft UIInterfaceOrientationLandscapeRight";
				INFOPLIST_KEY_UISupportedInterfaceOrientations_iPhone = "UIInterfaceOrientationPortrait UIInterfaceOrientationLandscapeLeft UIInterfaceOrientationLandscapeRight";
				LD_RUNPATH_SEARCH_PATHS = (
					"$(inherited)",
					"@executable_path/Frameworks",
				);
				MARKETING_VERSION = 1.0;
				PRODUCT_BUNDLE_IDENTIFIER = "Tongji-University.SmartMetro";
				PRODUCT_NAME = "$(TARGET_NAME)";
				SWIFT_EMIT_LOC_STRINGS = YES;
				SWIFT_VERSION = 5.0;
				TARGETED_DEVICE_FAMILY = "1,2";
			};
			name = Debug;
		};
		C058CB2C2D927C860081C730 /* Release */ = {
			isa = XCBuildConfiguration;
			buildSettings = {
				ASSETCATALOG_COMPILER_APPICON_NAME = AppIcon;
				ASSETCATALOG_COMPILER_GLOBAL_ACCENT_COLOR_NAME = AccentColor;
				CODE_SIGN_STYLE = Automatic;
				CURRENT_PROJECT_VERSION = 1;
				DEVELOPMENT_ASSET_PATHS = "\"SmartMetro/Preview Content\"";
				ENABLE_PREVIEWS = YES;
				GENERATE_INFOPLIST_FILE = YES;
				INFOPLIST_KEY_NSLocationAlwaysUsageDescription = "Location services are required to find the nearest stations";
				INFOPLIST_KEY_NSLocationWhenInUseUsageDescription = "Location services are required to find the nearest stations";
				INFOPLIST_KEY_UIApplicationSceneManifest_Generation = YES;
				INFOPLIST_KEY_UIApplicationSupportsIndirectInputEvents = YES;
				INFOPLIST_KEY_UILaunchScreen_Generation = YES;
				INFOPLIST_KEY_UISupportedInterfaceOrientations_iPad = "UIInterfaceOrientationPortrait UIInterfaceOrientationPortraitUpsideDown UIInterfaceOrientationLandscapeLeft UIInterfaceOrientationLandscapeRight";
				INFOPLIST_KEY_UISupportedInterfaceOrientations_iPhone = "UIInterfaceOrientationPortrait UIInterfaceOrientationLandscapeLeft UIInterfaceOrientationLandscapeRight";
				LD_RUNPATH_SEARCH_PATHS = (
					"$(inherited)",
					"@executable_path/Frameworks",
				);
				MARKETING_VERSION = 1.0;
				PRODUCT_BUNDLE_IDENTIFIER = "Tongji-University.SmartMetro";
				PRODUCT_NAME = "$(TARGET_NAME)";
				SWIFT_EMIT_LOC_STRINGS = YES;
				SWIFT_VERSION = 5.0;
				TARGETED_DEVICE_FAMILY = "1,2";
			};
			name = Release;
		};
		C058CB2E2D927C860081C730 /* Debug */ = {
			isa = XCBuildConfiguration;
			buildSettings = {
				BUNDLE_LOADER = "$(TEST_HOST)";
				CODE_SIGN_STYLE = Automatic;
				CURRENT_PROJECT_VERSION = 1;
				GENERATE_INFOPLIST_FILE = YES;
				IPHONEOS_DEPLOYMENT_TARGET = 18.2;
				MARKETING_VERSION = 1.0;
				PRODUCT_BUNDLE_IDENTIFIER = "Tongji-University.SmartMetroTests";
				PRODUCT_NAME = "$(TARGET_NAME)";
				SWIFT_EMIT_LOC_STRINGS = NO;
				SWIFT_VERSION = 5.0;
				TARGETED_DEVICE_FAMILY = "1,2";
				TEST_HOST = "$(BUILT_PRODUCTS_DIR)/SmartMetro.app/$(BUNDLE_EXECUTABLE_FOLDER_PATH)/SmartMetro";
			};
			name = Debug;
		};
		C058CB2F2D927C860081C730 /* Release */ = {
			isa = XCBuildConfiguration;
			buildSettings = {
				BUNDLE_LOADER = "$(TEST_HOST)";
				CODE_SIGN_STYLE = Automatic;
				CURRENT_PROJECT_VERSION = 1;
				GENERATE_INFOPLIST_FILE = YES;
				IPHONEOS_DEPLOYMENT_TARGET = 18.2;
				MARKETING_VERSION = 1.0;
				PRODUCT_BUNDLE_IDENTIFIER = "Tongji-University.SmartMetroTests";
				PRODUCT_NAME = "$(TARGET_NAME)";
				SWIFT_EMIT_LOC_STRINGS = NO;
				SWIFT_VERSION = 5.0;
				TARGETED_DEVICE_FAMILY = "1,2";
				TEST_HOST = "$(BUILT_PRODUCTS_DIR)/SmartMetro.app/$(BUNDLE_EXECUTABLE_FOLDER_PATH)/SmartMetro";
			};
			name = Release;
		};
		C058CB312D927C860081C730 /* Debug */ = {
			isa = XCBuildConfiguration;
			buildSettings = {
				CODE_SIGN_STYLE = Automatic;
				CURRENT_PROJECT_VERSION = 1;
				GENERATE_INFOPLIST_FILE = YES;
				MARKETING_VERSION = 1.0;
				PRODUCT_BUNDLE_IDENTIFIER = "Tongji-University.SmartMetroUITests";
				PRODUCT_NAME = "$(TARGET_NAME)";
				SWIFT_EMIT_LOC_STRINGS = NO;
				SWIFT_VERSION = 5.0;
				TARGETED_DEVICE_FAMILY = "1,2";
				TEST_TARGET_NAME = SmartMetro;
			};
			name = Debug;
		};
		C058CB322D927C860081C730 /* Release */ = {
			isa = XCBuildConfiguration;
			buildSettings = {
				CODE_SIGN_STYLE = Automatic;
				CURRENT_PROJECT_VERSION = 1;
				GENERATE_INFOPLIST_FILE = YES;
				MARKETING_VERSION = 1.0;
				PRODUCT_BUNDLE_IDENTIFIER = "Tongji-University.SmartMetroUITests";
				PRODUCT_NAME = "$(TARGET_NAME)";
				SWIFT_EMIT_LOC_STRINGS = NO;
				SWIFT_VERSION = 5.0;
				TARGETED_DEVICE_FAMILY = "1,2";
				TEST_TARGET_NAME = SmartMetro;
			};
			name = Release;
		};
/* End XCBuildConfiguration section */

/* Begin XCConfigurationList section */
		C058CB012D927C840081C730 /* Build configuration list for PBXProject "SmartMetro" */ = {
			isa = XCConfigurationList;
			buildConfigurations = (
				C058CB282D927C860081C730 /* Debug */,
				C058CB292D927C860081C730 /* Release */,
			);
			defaultConfigurationIsVisible = 0;
			defaultConfigurationName = Release;
		};
		C058CB2A2D927C860081C730 /* Build configuration list for PBXNativeTarget "SmartMetro" */ = {
			isa = XCConfigurationList;
			buildConfigurations = (
				C058CB2B2D927C860081C730 /* Debug */,
				C058CB2C2D927C860081C730 /* Release */,
			);
			defaultConfigurationIsVisible = 0;
			defaultConfigurationName = Release;
		};
		C058CB2D2D927C860081C730 /* Build configuration list for PBXNativeTarget "SmartMetroTests" */ = {
			isa = XCConfigurationList;
			buildConfigurations = (
				C058CB2E2D927C860081C730 /* Debug */,
				C058CB2F2D927C860081C730 /* Release */,
			);
			defaultConfigurationIsVisible = 0;
			defaultConfigurationName = Release;
		};
		C058CB302D927C860081C730 /* Build configuration list for PBXNativeTarget "SmartMetroUITests" */ = {
			isa = XCConfigurationList;
			buildConfigurations = (
				C058CB312D927C860081C730 /* Debug */,
				C058CB322D927C860081C730 /* Release */,
			);
			defaultConfigurationIsVisible = 0;
			defaultConfigurationName = Release;
		};
/* End XCConfigurationList section */

/* Begin XCLocalSwiftPackageReference section */
		C0E0148D2DB9323500EBC6D9 /* XCLocalSwiftPackageReference "SmartMetro/FluidGradient-main" */ = {
			isa = XCLocalSwiftPackageReference;
			relativePath = "SmartMetro/FluidGradient-main";
		};
/* End XCLocalSwiftPackageReference section */

/* Begin XCRemoteSwiftPackageReference section */
		C099F0552DB89617004E46B1 /* XCRemoteSwiftPackageReference "SwiftfulLoadingIndicators" */ = {
			isa = XCRemoteSwiftPackageReference;
			repositoryURL = "https://github.com/SwiftfulThinking/SwiftfulLoadingIndicators.git";
			requirement = {
				kind = upToNextMajorVersion;
				minimumVersion = 0.0.4;
			};
		};
/* End XCRemoteSwiftPackageReference section */

/* Begin XCSwiftPackageProductDependency section */
		C099F0562DB89617004E46B1 /* SwiftfulLoadingIndicators */ = {
			isa = XCSwiftPackageProductDependency;
			package = C099F0552DB89617004E46B1 /* XCRemoteSwiftPackageReference "SwiftfulLoadingIndicators" */;
			productName = SwiftfulLoadingIndicators;
		};
		C0E0148E2DB9323500EBC6D9 /* FluidGradient */ = {
			isa = XCSwiftPackageProductDependency;
			productName = FluidGradient;
		};
/* End XCSwiftPackageProductDependency section */
	};
	rootObject = C058CAFE2D927C840081C730 /* Project object */;
}
